
Microsoft Visual Studio Solution File, Format Version 12.00
# Visual Studio Version 17
VisualStudioVersion = 17.11.35219.272
MinimumVisualStudioVersion = 10.0.40219.1
Project("{FAE04EC0-301F-11D3-BF4B-00C04F79EFBC}") = "MVVM", "MVVM\MVVM.csproj", "{E0A38565-3F33-4221-9919-505B5C9239C4}"
EndProject
Global
	GlobalSection(SolutionConfigurationPlatforms) = preSolution
		Debug|Any CPU = Debug|Any CPU
		Release|Any CPU = Release|Any CPU
	EndGlobalSection
	GlobalSection(ProjectConfigurationPlatforms) = postSolution
		{E0A38565-3F33-4221-9919-505B5C9239C4}.Debug|Any CPU.ActiveCfg = Debug|Any CPU
		{E0A38565-3F33-4221-9919-505B5C9239C4}.Debug|Any CPU.Build.0 = Debug|Any CPU
		{E0A38565-3F33-4221-9919-505B5C9239C4}.Release|Any CPU.ActiveCfg = Release|Any CPU
		{E0A38565-3F33-4221-9919-505B5C9239C4}.Release|Any CPU.Build.0 = Release|Any CPU
	EndGlobalSection
	GlobalSection(SolutionProperties) = preSolution
		HideSolutionNode = FALSE
	EndGlobalSection
	GlobalSection(ExtensibilityGlobals) = postSolution
		SolutionGuid = {094412F9-78C8-4336-8651-8E82AF511BB4}
	EndGlobalSection
EndGlobal
